
Microsoft Visual Studio Solution File, Format Version 12.00
# Visual Studio Version 17
VisualStudioVersion = 17.8.34309.116
MinimumVisualStudioVersion = 10.0.40219.1
Project("{FAE04EC0-301F-11D3-BF4B-00C04F79EFBC}") = "ePizzaHub.Core", "ePizzaHub.Core\ePizzaHub.Core.csproj", "{A1EEFF4B-D85B-4894-8291-937C8A9DE562}"
EndProject
Project("{FAE04EC0-301F-11D3-BF4B-00C04F79EFBC}") = "ePizzaHub.Repositories", "ePizzaHub.Repositories\ePizzaHub.Repositories.csproj", "{FFDAE655-7B38-4114-9135-1FB36221067C}"
EndProject
Project("{FAE04EC0-301F-11D3-BF4B-00C04F79EFBC}") = "ePizzaHub.Services", "ePizzaHub.Services\ePizzaHub.Services.csproj", "{F27D1FA0-E248-49A9-B84D-9347E646F13E}"
EndProject
Project("{FAE04EC0-301F-11D3-BF4B-00C04F79EFBC}") = "ePizzaHub.Models", "ePizzaHub.Models\ePizzaHub.Models.csproj", "{35405F1E-8FD9-408D-A964-E457E66D3995}"
EndProject
Project("{FAE04EC0-301F-11D3-BF4B-00C04F79EFBC}") = "ePizzaHub.UI", "ePizzaHub.UI\ePizzaHub.UI.csproj", "{FDC2D5C2-0259-436F-AB48-E9C5F31BD9B9}"
EndProject
Global
	GlobalSection(SolutionConfigurationPlatforms) = preSolution
		Debug|Any CPU = Debug|Any CPU
		Release|Any CPU = Release|Any CPU
	EndGlobalSection
	GlobalSection(ProjectConfigurationPlatforms) = postSolution
		{A1EEFF4B-D85B-4894-8291-937C8A9DE562}.Debug|Any CPU.ActiveCfg = Debug|Any CPU
		{A1EEFF4B-D85B-4894-8291-937C8A9DE562}.Debug|Any CPU.Build.0 = Debug|Any CPU
		{A1EEFF4B-D85B-4894-8291-937C8A9DE562}.Release|Any CPU.ActiveCfg = Release|Any CPU
		{A1EEFF4B-D85B-4894-8291-937C8A9DE562}.Release|Any CPU.Build.0 = Release|Any CPU
		{FFDAE655-7B38-4114-9135-1FB36221067C}.Debug|Any CPU.ActiveCfg = Debug|Any CPU
		{FFDAE655-7B38-4114-9135-1FB36221067C}.Debug|Any CPU.Build.0 = Debug|Any CPU
		{FFDAE655-7B38-4114-9135-1FB36221067C}.Release|Any CPU.ActiveCfg = Release|Any CPU
		{FFDAE655-7B38-4114-9135-1FB36221067C}.Release|Any CPU.Build.0 = Release|Any CPU
		{F27D1FA0-E248-49A9-B84D-9347E646F13E}.Debug|Any CPU.ActiveCfg = Debug|Any CPU
		{F27D1FA0-E248-49A9-B84D-9347E646F13E}.Debug|Any CPU.Build.0 = Debug|Any CPU
		{F27D1FA0-E248-49A9-B84D-9347E646F13E}.Release|Any CPU.ActiveCfg = Release|Any CPU
		{F27D1FA0-E248-49A9-B84D-9347E646F13E}.Release|Any CPU.Build.0 = Release|Any CPU
		{35405F1E-8FD9-408D-A964-E457E66D3995}.Debug|Any CPU.ActiveCfg = Debug|Any CPU
		{35405F1E-8FD9-408D-A964-E457E66D3995}.Debug|Any CPU.Build.0 = Debug|Any CPU
		{35405F1E-8FD9-408D-A964-E457E66D3995}.Release|Any CPU.ActiveCfg = Release|Any CPU
		{35405F1E-8FD9-408D-A964-E457E66D3995}.Release|Any CPU.Build.0 = Release|Any CPU
		{FDC2D5C2-0259-436F-AB48-E9C5F31BD9B9}.Debug|Any CPU.ActiveCfg = Debug|Any CPU
		{FDC2D5C2-0259-436F-AB48-E9C5F31BD9B9}.Debug|Any CPU.Build.0 = Debug|Any CPU
		{FDC2D5C2-0259-436F-AB48-E9C5F31BD9B9}.Release|Any CPU.ActiveCfg = Release|Any CPU
		{FDC2D5C2-0259-436F-AB48-E9C5F31BD9B9}.Release|Any CPU.Build.0 = Release|Any CPU
	EndGlobalSection
	GlobalSection(SolutionProperties) = preSolution
		HideSolutionNode = FALSE
	EndGlobalSection
	GlobalSection(ExtensibilityGlobals) = postSolution
		SolutionGuid = {17A9595A-A71C-481B-9AB8-B58663AAA0DD}
	EndGlobalSection
EndGlobal
